
Microsoft Visual Studio Solution File, Format Version 12.00
# Visual Studio Version 16
VisualStudioVersion = 16.0.31112.23
MinimumVisualStudioVersion = 10.0.40219.1
Project("{FAE04EC0-301F-11D3-BF4B-00C04F79EFBC}") = "SalesWebApp", "SalesWebApp\SalesWebApp.csproj", "{BB7D3A36-8996-4490-A5DD-3ED619B986CA}"
EndProject
Global
	GlobalSection(SolutionConfigurationPlatforms) = preSolution
		Debug|Any CPU = Debug|Any CPU
		Release|Any CPU = Release|Any CPU
	EndGlobalSection
	GlobalSection(ProjectConfigurationPlatforms) = postSolution
		{BB7D3A36-8996-4490-A5DD-3ED619B986CA}.Debug|Any CPU.ActiveCfg = Debug|Any CPU
		{BB7D3A36-8996-4490-A5DD-3ED619B986CA}.Debug|Any CPU.Build.0 = Debug|Any CPU
		{BB7D3A36-8996-4490-A5DD-3ED619B986CA}.Release|Any CPU.ActiveCfg = Release|Any CPU
		{BB7D3A36-8996-4490-A5DD-3ED619B986CA}.Release|Any CPU.Build.0 = Release|Any CPU
	EndGlobalSection
	GlobalSection(SolutionProperties) = preSolution
		HideSolutionNode = FALSE
	EndGlobalSection
	GlobalSection(ExtensibilityGlobals) = postSolution
		SolutionGuid = {4CABA1D4-6E06-43AE-8A2F-12BBC21F5C14}
	EndGlobalSection
EndGlobal
